
Microsoft Visual Studio Solution File, Format Version 12.00
# Visual Studio Version 17
VisualStudioVersion = 17.6.33829.357
MinimumVisualStudioVersion = 10.0.40219.1
Project("{FAE04EC0-301F-11D3-BF4B-00C04F79EFBC}") = "TSCodegen", "TSCodegen\TSCodegen.csproj", "{BFD1C432-444B-49A8-9BBE-3428847EBCB0}"
EndProject
Global
	GlobalSection(SolutionConfigurationPlatforms) = preSolution
		Debug|Any CPU = Debug|Any CPU
		Release|Any CPU = Release|Any CPU
	EndGlobalSection
	GlobalSection(ProjectConfigurationPlatforms) = postSolution
		{BFD1C432-444B-49A8-9BBE-3428847EBCB0}.Debug|Any CPU.ActiveCfg = Debug|Any CPU
		{BFD1C432-444B-49A8-9BBE-3428847EBCB0}.Debug|Any CPU.Build.0 = Debug|Any CPU
		{BFD1C432-444B-49A8-9BBE-3428847EBCB0}.Release|Any CPU.ActiveCfg = Release|Any CPU
		{BFD1C432-444B-49A8-9BBE-3428847EBCB0}.Release|Any CPU.Build.0 = Release|Any CPU
	EndGlobalSection
	GlobalSection(SolutionProperties) = preSolution
		HideSolutionNode = FALSE
	EndGlobalSection
	GlobalSection(ExtensibilityGlobals) = postSolution
		SolutionGuid = {D6D5322B-2C72-476F-B93A-24B4692F3107}
	EndGlobalSection
EndGlobal
